
Microsoft Visual Studio Solution File, Format Version 12.00
# Visual Studio Version 16
VisualStudioVersion = 16.0.31515.178
MinimumVisualStudioVersion = 10.0.40219.1
Project("{FAE04EC0-301F-11D3-BF4B-00C04F79EFBC}") = "EmployeesWorld", "EmployeesWorld.csproj", "{58331071-2590-461D-A0C4-2A34B10A0B6B}"
EndProject
Global
	GlobalSection(SolutionConfigurationPlatforms) = preSolution
		Debug|Any CPU = Debug|Any CPU
		Release|Any CPU = Release|Any CPU
	EndGlobalSection
	GlobalSection(ProjectConfigurationPlatforms) = postSolution
		{58331071-2590-461D-A0C4-2A34B10A0B6B}.Debug|Any CPU.ActiveCfg = Debug|Any CPU
		{58331071-2590-461D-A0C4-2A34B10A0B6B}.Debug|Any CPU.Build.0 = Debug|Any CPU
		{58331071-2590-461D-A0C4-2A34B10A0B6B}.Release|Any CPU.ActiveCfg = Release|Any CPU
		{58331071-2590-461D-A0C4-2A34B10A0B6B}.Release|Any CPU.Build.0 = Release|Any CPU
	EndGlobalSection
	GlobalSection(SolutionProperties) = preSolution
		HideSolutionNode = FALSE
	EndGlobalSection
	GlobalSection(ExtensibilityGlobals) = postSolution
		SolutionGuid = {6A466CC3-19EA-49CB-B4D1-7DFA0C007695}
	EndGlobalSection
EndGlobal
